
Microsoft Visual Studio Solution File, Format Version 12.00
# Visual Studio 14
VisualStudioVersion = 14.0.25420.1
MinimumVisualStudioVersion = 10.0.40219.1
Project("{FAE04EC0-301F-11D3-BF4B-00C04F79EFBC}") = "MES_V_1.0.0.0", "MES_V_1.0.0.0\MES_V_1.0.0.0.csproj", "{3836E7BC-E231-42E7-8C6E-2B833C05ABE4}"
EndProject
Project("{2150E333-8FDC-42A3-9474-1A3956D46DE8}") = "DOCUMENTS", "DOCUMENTS", "{7BD751ED-8336-4C27-9124-49F3BBA87102}"
	ProjectSection(SolutionItems) = preProject
		..\..\..\..\DOCUMENTS\V1\ANALYSE_MES_V1.doc = ..\..\..\..\DOCUMENTS\V1\ANALYSE_MES_V1.doc
	EndProjectSection
EndProject
Project("{FAE04EC0-301F-11D3-BF4B-00C04F79EFBC}") = "MES.DATA.MODEL", "MES.DATA.MODEL\MES.DATA.MODEL.csproj", "{2DC8DEB3-C224-413D-9168-B684A5C34C37}"
EndProject
Project("{FAE04EC0-301F-11D3-BF4B-00C04F79EFBC}") = "MES.DATA.BUSINESS", "MES.DATA.BUSINESS\MES.DATA.BUSINESS.csproj", "{BCFDC49B-2E4B-496F-B14F-0A4B736AB330}"
EndProject
Project("{FAE04EC0-301F-11D3-BF4B-00C04F79EFBC}") = "MES.DATA.CORE", "MES.DATA.CORE\MES.DATA.CORE.csproj", "{14E99AA6-701A-4022-BA5D-1F0AD4D192E9}"
EndProject
Project("{FAE04EC0-301F-11D3-BF4B-00C04F79EFBC}") = "MES.MYSQL.DATA.CONNECT", "MES.MYSQL.DATA.CONNECT\MES.MYSQL.DATA.CONNECT.csproj", "{DF3F4960-2DF6-4A46-AE7C-9397C227A34A}"
EndProject
Global
	GlobalSection(SolutionConfigurationPlatforms) = preSolution
		Debug|Any CPU = Debug|Any CPU
		Release|Any CPU = Release|Any CPU
	EndGlobalSection
	GlobalSection(ProjectConfigurationPlatforms) = postSolution
		{3836E7BC-E231-42E7-8C6E-2B833C05ABE4}.Debug|Any CPU.ActiveCfg = Debug|Any CPU
		{3836E7BC-E231-42E7-8C6E-2B833C05ABE4}.Debug|Any CPU.Build.0 = Debug|Any CPU
		{3836E7BC-E231-42E7-8C6E-2B833C05ABE4}.Release|Any CPU.ActiveCfg = Release|Any CPU
		{3836E7BC-E231-42E7-8C6E-2B833C05ABE4}.Release|Any CPU.Build.0 = Release|Any CPU
		{2DC8DEB3-C224-413D-9168-B684A5C34C37}.Debug|Any CPU.ActiveCfg = Debug|Any CPU
		{2DC8DEB3-C224-413D-9168-B684A5C34C37}.Debug|Any CPU.Build.0 = Debug|Any CPU
		{2DC8DEB3-C224-413D-9168-B684A5C34C37}.Release|Any CPU.ActiveCfg = Release|Any CPU
		{2DC8DEB3-C224-413D-9168-B684A5C34C37}.Release|Any CPU.Build.0 = Release|Any CPU
		{BCFDC49B-2E4B-496F-B14F-0A4B736AB330}.Debug|Any CPU.ActiveCfg = Debug|Any CPU
		{BCFDC49B-2E4B-496F-B14F-0A4B736AB330}.Debug|Any CPU.Build.0 = Debug|Any CPU
		{BCFDC49B-2E4B-496F-B14F-0A4B736AB330}.Release|Any CPU.ActiveCfg = Release|Any CPU
		{BCFDC49B-2E4B-496F-B14F-0A4B736AB330}.Release|Any CPU.Build.0 = Release|Any CPU
		{14E99AA6-701A-4022-BA5D-1F0AD4D192E9}.Debug|Any CPU.ActiveCfg = Debug|Any CPU
		{14E99AA6-701A-4022-BA5D-1F0AD4D192E9}.Debug|Any CPU.Build.0 = Debug|Any CPU
		{14E99AA6-701A-4022-BA5D-1F0AD4D192E9}.Release|Any CPU.ActiveCfg = Release|Any CPU
		{14E99AA6-701A-4022-BA5D-1F0AD4D192E9}.Release|Any CPU.Build.0 = Release|Any CPU
		{DF3F4960-2DF6-4A46-AE7C-9397C227A34A}.Debug|Any CPU.ActiveCfg = Debug|Any CPU
		{DF3F4960-2DF6-4A46-AE7C-9397C227A34A}.Debug|Any CPU.Build.0 = Debug|Any CPU
		{DF3F4960-2DF6-4A46-AE7C-9397C227A34A}.Release|Any CPU.ActiveCfg = Release|Any CPU
		{DF3F4960-2DF6-4A46-AE7C-9397C227A34A}.Release|Any CPU.Build.0 = Release|Any CPU
	EndGlobalSection
	GlobalSection(SolutionProperties) = preSolution
		HideSolutionNode = FALSE
	EndGlobalSection
EndGlobal
